{
  "name": "caf_hellodrone_cli",
  "version": "0.0.8",
  "dependencies": {
    "caf_iot_cli": {
      "version": "0.0.4",
      "dependencies": {
        "async": {
          "version": "0.2.1",
          "from": "async@>=0.1.9"
        },
        "request": {
          "version": "2.12.0",
          "from": "request@>= 2.9.202",
          "dependencies": {
            "form-data": {
              "version": "0.0.3",
              "from": "form-data",
              "dependencies": {
                "combined-stream": {
                  "version": "0.0.3",
                  "from": "combined-stream@0.0.3",
                  "dependencies": {
                    "delayed-stream": {
                      "version": "0.0.5",
                      "from": "delayed-stream@0.0.5"
                    }
                  }
                },
                "async": {
                  "version": "0.1.9",
                  "from": "async@0.1.9"
                }
              }
            },
            "mime": {
              "version": "1.2.7",
              "from": "mime"
            }
          }
        }
      }
    },
    "caf_ardrone": {
      "version": "0.0.13",
      "dependencies": {
        "ar-drone": {
          "version": "0.1.0",
          "from": "ar-drone@>= 0.1.0",
          "dependencies": {
            "buffy": {
              "version": "0.0.4",
              "from": "buffy@0.0.4",
              "resolved": "http://registry.npmjs.org/buffy/-/buffy-0.0.4.tgz"
            }
          }
        },
        "buffy": {
          "version": "0.0.5",
          "from": "buffy@>=0.0.4"
        },
        "carrier": {
          "version": "0.1.10",
          "from": "carrier@>=0.1.10"
        },
        "node-gpsd": {
          "version": "0.1.4",
          "from": "node-gpsd@>= 0.1.4",
          "dependencies": {
            "winston": {
              "version": "0.7.2",
              "from": "winston@>=v0.6.1",
              "dependencies": {
                "async": {
                  "version": "0.2.9",
                  "from": "async@0.2.x"
                },
                "colors": {
                  "version": "0.6.1",
                  "from": "colors@0.6.x",
                  "resolved": "http://registry.npmjs.org/colors/-/colors-0.6.1.tgz"
                },
                "cycle": {
                  "version": "1.0.2",
                  "from": "cycle@1.0.x"
                },
                "eyes": {
                  "version": "0.1.8",
                  "from": "eyes@0.1.x"
                },
                "pkginfo": {
                  "version": "0.3.0",
                  "from": "pkginfo@0.3.x"
                },
                "request": {
                  "version": "2.16.6",
                  "from": "request@2.16.x",
                  "dependencies": {
                    "form-data": {
                      "version": "0.0.10",
                      "from": "form-data@~0.0.3",
                      "dependencies": {
                        "combined-stream": {
                          "version": "0.0.4",
                          "from": "combined-stream@~0.0.4",
                          "dependencies": {
                            "delayed-stream": {
                              "version": "0.0.5",
                              "from": "delayed-stream@0.0.5",
                              "resolved": "http://registry.npmjs.org/delayed-stream/-/delayed-stream-0.0.5.tgz"
                            }
                          }
                        }
                      }
                    },
                    "mime": {
                      "version": "1.2.10",
                      "from": "mime@~1.2.7",
                      "resolved": "http://registry.npmjs.org/mime/-/mime-1.2.10.tgz"
                    },
                    "hawk": {
                      "version": "0.10.2",
                      "from": "hawk@~0.10.2",
                      "dependencies": {
                        "hoek": {
                          "version": "0.7.6",
                          "from": "hoek@0.7.x"
                        },
                        "boom": {
                          "version": "0.3.8",
                          "from": "boom@0.3.x"
                        },
                        "cryptiles": {
                          "version": "0.1.3",
                          "from": "cryptiles@0.1.x"
                        },
                        "sntp": {
                          "version": "0.1.4",
                          "from": "sntp@0.1.x"
                        }
                      }
                    },
                    "node-uuid": {
                      "version": "1.4.0",
                      "from": "node-uuid@~1.4.0"
                    },
                    "cookie-jar": {
                      "version": "0.2.0",
                      "from": "cookie-jar@~0.2.0"
                    },
                    "aws-sign": {
                      "version": "0.2.0",
                      "from": "aws-sign@~0.2.0"
                    },
                    "oauth-sign": {
                      "version": "0.2.0",
                      "from": "oauth-sign@~0.2.0"
                    },
                    "forever-agent": {
                      "version": "0.2.0",
                      "from": "forever-agent@~0.2.0"
                    },
                    "tunnel-agent": {
                      "version": "0.2.0",
                      "from": "tunnel-agent@~0.2.0"
                    },
                    "json-stringify-safe": {
                      "version": "3.0.0",
                      "from": "json-stringify-safe@~3.0.0"
                    },
                    "qs": {
                      "version": "0.5.6",
                      "from": "qs@~0.5.4"
                    }
                  }
                },
                "stack-trace": {
                  "version": "0.0.7",
                  "from": "stack-trace@0.0.x"
                }
              }
            }
          }
        }
      }
    },
    "optimist": {
      "version": "0.6.0",
      "from": "optimist@>= 0.6.0",
      "resolved": "http://registry.npmjs.org/optimist/-/optimist-0.6.0.tgz",
      "dependencies": {
        "wordwrap": {
          "version": "0.0.2",
          "from": "wordwrap@~0.0.2"
        },
        "minimist": {
          "version": "0.0.1",
          "from": "minimist@~0.0.1",
          "resolved": "http://registry.npmjs.org/minimist/-/minimist-0.0.1.tgz"
        }
      }
    }
  }
}
